
Microsoft Visual Studio Solution File, Format Version 12.00
# Visual Studio Version 17
VisualStudioVersion = 17.4.33122.133
MinimumVisualStudioVersion = 10.0.40219.1
Project("{FAE04EC0-301F-11D3-BF4B-00C04F79EFBC}") = "Subscription.Gateway", "Subscription.Gateway\Subscription.Gateway.csproj", "{69D77FBD-E4EF-4196-9CDC-9364A380B8C7}"
EndProject
Project("{E53339B2-1760-4266-BCC7-CA923CBCF16C}") = "docker-compose", "docker-compose.dcproj", "{84D85D49-E2AA-475D-AE8B-F89DD71270EC}"
EndProject
Project("{FAE04EC0-301F-11D3-BF4B-00C04F79EFBC}") = "WebApplication1", "WebApplication1\WebApplication1.csproj", "{DFF26760-6FC9-4F5A-A8E1-1D4B892F9DB3}"
EndProject
Global
	GlobalSection(SolutionConfigurationPlatforms) = preSolution
		Debug|Any CPU = Debug|Any CPU
		Release|Any CPU = Release|Any CPU
	EndGlobalSection
	GlobalSection(ProjectConfigurationPlatforms) = postSolution
		{69D77FBD-E4EF-4196-9CDC-9364A380B8C7}.Debug|Any CPU.ActiveCfg = Debug|Any CPU
		{69D77FBD-E4EF-4196-9CDC-9364A380B8C7}.Debug|Any CPU.Build.0 = Debug|Any CPU
		{69D77FBD-E4EF-4196-9CDC-9364A380B8C7}.Release|Any CPU.ActiveCfg = Release|Any CPU
		{69D77FBD-E4EF-4196-9CDC-9364A380B8C7}.Release|Any CPU.Build.0 = Release|Any CPU
		{84D85D49-E2AA-475D-AE8B-F89DD71270EC}.Debug|Any CPU.ActiveCfg = Debug|Any CPU
		{84D85D49-E2AA-475D-AE8B-F89DD71270EC}.Debug|Any CPU.Build.0 = Debug|Any CPU
		{84D85D49-E2AA-475D-AE8B-F89DD71270EC}.Release|Any CPU.ActiveCfg = Release|Any CPU
		{84D85D49-E2AA-475D-AE8B-F89DD71270EC}.Release|Any CPU.Build.0 = Release|Any CPU
		{DFF26760-6FC9-4F5A-A8E1-1D4B892F9DB3}.Debug|Any CPU.ActiveCfg = Debug|Any CPU
		{DFF26760-6FC9-4F5A-A8E1-1D4B892F9DB3}.Debug|Any CPU.Build.0 = Debug|Any CPU
		{DFF26760-6FC9-4F5A-A8E1-1D4B892F9DB3}.Release|Any CPU.ActiveCfg = Release|Any CPU
		{DFF26760-6FC9-4F5A-A8E1-1D4B892F9DB3}.Release|Any CPU.Build.0 = Release|Any CPU
	EndGlobalSection
	GlobalSection(SolutionProperties) = preSolution
		HideSolutionNode = FALSE
	EndGlobalSection
	GlobalSection(ExtensibilityGlobals) = postSolution
		SolutionGuid = {EC1E2215-9270-42CF-9353-509D48FF297F}
	EndGlobalSection
EndGlobal
